// !$*UTF8*$!
{
	archiveVersion = 1;
	classes = {
	};
	objectVersion = 50;
	objects = {

/* Begin PBXBuildFile section */
		7586FEBE21A03DDC00936631 /* AppDelegate.swift in Sources */ = {isa = PBXBuildFile; fileRef = 7586FEBD21A03DDC00936631 /* AppDelegate.swift */; };
		7586FEC021A03DDC00936631 /* ViewController.swift in Sources */ = {isa = PBXBuildFile; fileRef = 7586FEBF21A03DDC00936631 /* ViewController.swift */; };
		7586FEC321A03DDC00936631 /* Main.storyboard in Resources */ = {isa = PBXBuildFile; fileRef = 7586FEC121A03DDC00936631 /* Main.storyboard */; };
		7586FEC521A03DDE00936631 /* Assets.xcassets in Resources */ = {isa = PBXBuildFile; fileRef = 7586FEC421A03DDE00936631 /* Assets.xcassets */; };
		7586FEC821A03DDE00936631 /* LaunchScreen.storyboard in Resources */ = {isa = PBXBuildFile; fileRef = 7586FEC621A03DDE00936631 /* LaunchScreen.storyboard */; };
		7586FED721A16C0100936631 /* ClientImpl.swift in Sources */ = {isa = PBXBuildFile; fileRef = 7586FED621A16C0100936631 /* ClientImpl.swift */; };
		7586FEDA21A1779A00936631 /* AsyncOperation.swift in Sources */ = {isa = PBXBuildFile; fileRef = 7586FED921A1779A00936631 /* AsyncOperation.swift */; };
		7586FEDC21A17B5A00936631 /* GetDonationsChainOperation.swift in Sources */ = {isa = PBXBuildFile; fileRef = 7586FEDB21A17B5A00936631 /* GetDonationsChainOperation.swift */; };
		7586FEDE21A1A78900936631 /* RegisterDonationOperation.swift in Sources */ = {isa = PBXBuildFile; fileRef = 7586FEDD21A1A78900936631 /* RegisterDonationOperation.swift */; };
		7586FEE121A1B37E00936631 /* DonationChainItem.swift in Sources */ = {isa = PBXBuildFile; fileRef = 7586FEE021A1B37E00936631 /* DonationChainItem.swift */; };
		7586FEE321A1CC4B00936631 /* RequestResponse.swift in Sources */ = {isa = PBXBuildFile; fileRef = 7586FEE221A1CC4B00936631 /* RequestResponse.swift */; };
		7586FEE521A48CA300936631 /* DonationChain.swift in Sources */ = {isa = PBXBuildFile; fileRef = 7586FEE421A48CA300936631 /* DonationChain.swift */; };
		7586FEE721A4983A00936631 /* Client.swift in Sources */ = {isa = PBXBuildFile; fileRef = 7586FEE621A4983A00936631 /* Client.swift */; };
		7586FEE921A49AEA00936631 /* DonationChainsListBuilder.swift in Sources */ = {isa = PBXBuildFile; fileRef = 7586FEE821A49AEA00936631 /* DonationChainsListBuilder.swift */; };
		7586FEEB21A49AF300936631 /* DonationChainsListInteractor.swift in Sources */ = {isa = PBXBuildFile; fileRef = 7586FEEA21A49AF300936631 /* DonationChainsListInteractor.swift */; };
		7586FEED21A49AFB00936631 /* DonationChainsListPresenter.swift in Sources */ = {isa = PBXBuildFile; fileRef = 7586FEEC21A49AFB00936631 /* DonationChainsListPresenter.swift */; };
		7586FEEF21A49B0200936631 /* DonationChainsListRouter.swift in Sources */ = {isa = PBXBuildFile; fileRef = 7586FEEE21A49B0200936631 /* DonationChainsListRouter.swift */; };
		7586FEF121A49B0B00936631 /* DonationChainsListView.swift in Sources */ = {isa = PBXBuildFile; fileRef = 7586FEF021A49B0B00936631 /* DonationChainsListView.swift */; };
		7586FEF521A72F9F00936631 /* Router.swift in Sources */ = {isa = PBXBuildFile; fileRef = 7586FEF421A72F9F00936631 /* Router.swift */; };
		7586FEF721A72FCC00936631 /* Interactor.swift in Sources */ = {isa = PBXBuildFile; fileRef = 7586FEF621A72FCC00936631 /* Interactor.swift */; };
		7586FEF921A730A600936631 /* Builder.swift in Sources */ = {isa = PBXBuildFile; fileRef = 7586FEF821A730A600936631 /* Builder.swift */; };
		7586FEFD21A7344A00936631 /* DonationChainStorage.swift in Sources */ = {isa = PBXBuildFile; fileRef = 7586FEFC21A7344A00936631 /* DonationChainStorage.swift */; };
		7586FEFF21A9CECF00936631 /* DonationChainsList.storyboard in Resources */ = {isa = PBXBuildFile; fileRef = 7586FEFE21A9CECF00936631 /* DonationChainsList.storyboard */; };
		7586FF0221A9CFB700936631 /* Identifiable.swift in Sources */ = {isa = PBXBuildFile; fileRef = 7586FF0121A9CFB700936631 /* Identifiable.swift */; };
		7586FF0621ADC78700936631 /* DonationChainTableViewCell.swift in Sources */ = {isa = PBXBuildFile; fileRef = 7586FF0521ADC78700936631 /* DonationChainTableViewCell.swift */; };
		7586FF0821ADC7A800936631 /* DonationChainItemTableViewCell.swift in Sources */ = {isa = PBXBuildFile; fileRef = 7586FF0721ADC7A800936631 /* DonationChainItemTableViewCell.swift */; };
/* End PBXBuildFile section */

/* Begin PBXFileReference section */
		7586FEBA21A03DDC00936631 /* BlockchainDonation.app */ = {isa = PBXFileReference; explicitFileType = wrapper.application; includeInIndex = 0; path = BlockchainDonation.app; sourceTree = BUILT_PRODUCTS_DIR; };
		7586FEBD21A03DDC00936631 /* AppDelegate.swift */ = {isa = PBXFileReference; lastKnownFileType = sourcecode.swift; path = AppDelegate.swift; sourceTree = "<group>"; };
		7586FEBF21A03DDC00936631 /* ViewController.swift */ = {isa = PBXFileReference; lastKnownFileType = sourcecode.swift; path = ViewController.swift; sourceTree = "<group>"; };
		7586FEC221A03DDC00936631 /* Base */ = {isa = PBXFileReference; lastKnownFileType = file.storyboard; name = Base; path = Base.lproj/Main.storyboard; sourceTree = "<group>"; };
		7586FEC421A03DDE00936631 /* Assets.xcassets */ = {isa = PBXFileReference; lastKnownFileType = folder.assetcatalog; path = Assets.xcassets; sourceTree = "<group>"; };
		7586FEC721A03DDE00936631 /* Base */ = {isa = PBXFileReference; lastKnownFileType = file.storyboard; name = Base; path = Base.lproj/LaunchScreen.storyboard; sourceTree = "<group>"; };
		7586FEC921A03DDE00936631 /* Info.plist */ = {isa = PBXFileReference; lastKnownFileType = text.plist.xml; path = Info.plist; sourceTree = "<group>"; };
		7586FED621A16C0100936631 /* ClientImpl.swift */ = {isa = PBXFileReference; lastKnownFileType = sourcecode.swift; path = ClientImpl.swift; sourceTree = "<group>"; };
		7586FED921A1779A00936631 /* AsyncOperation.swift */ = {isa = PBXFileReference; lastKnownFileType = sourcecode.swift; path = AsyncOperation.swift; sourceTree = "<group>"; };
		7586FEDB21A17B5A00936631 /* GetDonationsChainOperation.swift */ = {isa = PBXFileReference; lastKnownFileType = sourcecode.swift; path = GetDonationsChainOperation.swift; sourceTree = "<group>"; };
		7586FEDD21A1A78900936631 /* RegisterDonationOperation.swift */ = {isa = PBXFileReference; lastKnownFileType = sourcecode.swift; path = RegisterDonationOperation.swift; sourceTree = "<group>"; };
		7586FEE021A1B37E00936631 /* DonationChainItem.swift */ = {isa = PBXFileReference; lastKnownFileType = sourcecode.swift; path = DonationChainItem.swift; sourceTree = "<group>"; };
		7586FEE221A1CC4B00936631 /* RequestResponse.swift */ = {isa = PBXFileReference; lastKnownFileType = sourcecode.swift; path = RequestResponse.swift; sourceTree = "<group>"; };
		7586FEE421A48CA300936631 /* DonationChain.swift */ = {isa = PBXFileReference; lastKnownFileType = sourcecode.swift; path = DonationChain.swift; sourceTree = "<group>"; };
		7586FEE621A4983A00936631 /* Client.swift */ = {isa = PBXFileReference; lastKnownFileType = sourcecode.swift; path = Client.swift; sourceTree = "<group>"; };
		7586FEE821A49AEA00936631 /* DonationChainsListBuilder.swift */ = {isa = PBXFileReference; lastKnownFileType = sourcecode.swift; path = DonationChainsListBuilder.swift; sourceTree = "<group>"; };
		7586FEEA21A49AF300936631 /* DonationChainsListInteractor.swift */ = {isa = PBXFileReference; lastKnownFileType = sourcecode.swift; path = DonationChainsListInteractor.swift; sourceTree = "<group>"; };
		7586FEEC21A49AFB00936631 /* DonationChainsListPresenter.swift */ = {isa = PBXFileReference; lastKnownFileType = sourcecode.swift; path = DonationChainsListPresenter.swift; sourceTree = "<group>"; };
		7586FEEE21A49B0200936631 /* DonationChainsListRouter.swift */ = {isa = PBXFileReference; lastKnownFileType = sourcecode.swift; path = DonationChainsListRouter.swift; sourceTree = "<group>"; };
		7586FEF021A49B0B00936631 /* DonationChainsListView.swift */ = {isa = PBXFileReference; lastKnownFileType = sourcecode.swift; path = DonationChainsListView.swift; sourceTree = "<group>"; };
		7586FEF421A72F9F00936631 /* Router.swift */ = {isa = PBXFileReference; lastKnownFileType = sourcecode.swift; path = Router.swift; sourceTree = "<group>"; };
		7586FEF621A72FCC00936631 /* Interactor.swift */ = {isa = PBXFileReference; lastKnownFileType = sourcecode.swift; path = Interactor.swift; sourceTree = "<group>"; };
		7586FEF821A730A600936631 /* Builder.swift */ = {isa = PBXFileReference; lastKnownFileType = sourcecode.swift; path = Builder.swift; sourceTree = "<group>"; };
		7586FEFC21A7344A00936631 /* DonationChainStorage.swift */ = {isa = PBXFileReference; lastKnownFileType = sourcecode.swift; path = DonationChainStorage.swift; sourceTree = "<group>"; };
		7586FEFE21A9CECF00936631 /* DonationChainsList.storyboard */ = {isa = PBXFileReference; lastKnownFileType = file.storyboard; path = DonationChainsList.storyboard; sourceTree = "<group>"; };
		7586FF0121A9CFB700936631 /* Identifiable.swift */ = {isa = PBXFileReference; lastKnownFileType = sourcecode.swift; path = Identifiable.swift; sourceTree = "<group>"; };
		7586FF0521ADC78700936631 /* DonationChainTableViewCell.swift */ = {isa = PBXFileReference; lastKnownFileType = sourcecode.swift; path = DonationChainTableViewCell.swift; sourceTree = "<group>"; };
		7586FF0721ADC7A800936631 /* DonationChainItemTableViewCell.swift */ = {isa = PBXFileReference; lastKnownFileType = sourcecode.swift; path = DonationChainItemTableViewCell.swift; sourceTree = "<group>"; };
/* End PBXFileReference section */

/* Begin PBXFrameworksBuildPhase section */
		7586FEB721A03DDC00936631 /* Frameworks */ = {
			isa = PBXFrameworksBuildPhase;
			buildActionMask = 2147483647;
			files = (
			);
			runOnlyForDeploymentPostprocessing = 0;
		};
/* End PBXFrameworksBuildPhase section */

/* Begin PBXGroup section */
		7586FEB121A03DDB00936631 = {
			isa = PBXGroup;
			children = (
				7586FEBC21A03DDC00936631 /* BlockchainDonation */,
				7586FEBB21A03DDC00936631 /* Products */,
			);
			sourceTree = "<group>";
		};
		7586FEBB21A03DDC00936631 /* Products */ = {
			isa = PBXGroup;
			children = (
				7586FEBA21A03DDC00936631 /* BlockchainDonation.app */,
			);
			name = Products;
			sourceTree = "<group>";
		};
		7586FEBC21A03DDC00936631 /* BlockchainDonation */ = {
			isa = PBXGroup;
			children = (
				7586FECF21A16B0C00936631 /* Resources */,
				7586FED021A16B1600936631 /* Sources */,
				7586FED121A16B1D00936631 /* Supporting files */,
			);
			path = BlockchainDonation;
			sourceTree = "<group>";
		};
		7586FECF21A16B0C00936631 /* Resources */ = {
			isa = PBXGroup;
			children = (
				7586FED221A16B3700936631 /* Storyboards */,
				7586FEC421A03DDE00936631 /* Assets.xcassets */,
			);
			path = Resources;
			sourceTree = "<group>";
		};
		7586FED021A16B1600936631 /* Sources */ = {
			isa = PBXGroup;
			children = (
				7586FF0021A9CFAA00936631 /* Extensions */,
				7586FEF221A4A07100936631 /* RIBs */,
				7586FED521A16BE400936631 /* REST API Client */,
				7586FED421A16BBE00936631 /* Utils */,
				7586FEBD21A03DDC00936631 /* AppDelegate.swift */,
				7586FEBF21A03DDC00936631 /* ViewController.swift */,
			);
			path = Sources;
			sourceTree = "<group>";
		};
		7586FED121A16B1D00936631 /* Supporting files */ = {
			isa = PBXGroup;
			children = (
				7586FEC921A03DDE00936631 /* Info.plist */,
			);
			path = "Supporting files";
			sourceTree = "<group>";
		};
		7586FED221A16B3700936631 /* Storyboards */ = {
			isa = PBXGroup;
			children = (
				7586FEC121A03DDC00936631 /* Main.storyboard */,
				7586FEC621A03DDE00936631 /* LaunchScreen.storyboard */,
				7586FEFE21A9CECF00936631 /* DonationChainsList.storyboard */,
			);
			path = Storyboards;
			sourceTree = "<group>";
		};
		7586FED321A16B4B00936631 /* Donation Chains List */ = {
			isa = PBXGroup;
			children = (
				7586FEE821A49AEA00936631 /* DonationChainsListBuilder.swift */,
				7586FEEA21A49AF300936631 /* DonationChainsListInteractor.swift */,
				7586FEEC21A49AFB00936631 /* DonationChainsListPresenter.swift */,
				7586FEEE21A49B0200936631 /* DonationChainsListRouter.swift */,
				7586FF0321ADC75F00936631 /* View */,
			);
			path = "Donation Chains List";
			sourceTree = "<group>";
		};
		7586FED421A16BBE00936631 /* Utils */ = {
			isa = PBXGroup;
			children = (
			);
			path = Utils;
			sourceTree = "<group>";
		};
		7586FED521A16BE400936631 /* REST API Client */ = {
			isa = PBXGroup;
			children = (
				7586FEDF21A1B33F00936631 /* Models */,
				7586FED821A1778900936631 /* Operations */,
				7586FEE621A4983A00936631 /* Client.swift */,
				7586FED621A16C0100936631 /* ClientImpl.swift */,
			);
			path = "REST API Client";
			sourceTree = "<group>";
		};
		7586FED821A1778900936631 /* Operations */ = {
			isa = PBXGroup;
			children = (
				7586FED921A1779A00936631 /* AsyncOperation.swift */,
				7586FEDB21A17B5A00936631 /* GetDonationsChainOperation.swift */,
				7586FEDD21A1A78900936631 /* RegisterDonationOperation.swift */,
			);
			path = Operations;
			sourceTree = "<group>";
		};
		7586FEDF21A1B33F00936631 /* Models */ = {
			isa = PBXGroup;
			children = (
				7586FEE421A48CA300936631 /* DonationChain.swift */,
				7586FEE021A1B37E00936631 /* DonationChainItem.swift */,
				7586FEFC21A7344A00936631 /* DonationChainStorage.swift */,
				7586FEE221A1CC4B00936631 /* RequestResponse.swift */,
			);
			path = Models;
			sourceTree = "<group>";
		};
		7586FEF221A4A07100936631 /* RIBs */ = {
			isa = PBXGroup;
			children = (
				7586FEF321A72F9000936631 /* Core */,
				7586FED321A16B4B00936631 /* Donation Chains List */,
			);
			path = RIBs;
			sourceTree = "<group>";
		};
		7586FEF321A72F9000936631 /* Core */ = {
			isa = PBXGroup;
			children = (
				7586FEF421A72F9F00936631 /* Router.swift */,
				7586FEF621A72FCC00936631 /* Interactor.swift */,
				7586FEF821A730A600936631 /* Builder.swift */,
			);
			path = Core;
			sourceTree = "<group>";
		};
		7586FF0021A9CFAA00936631 /* Extensions */ = {
			isa = PBXGroup;
			children = (
				7586FF0121A9CFB700936631 /* Identifiable.swift */,
			);
			path = Extensions;
			sourceTree = "<group>";
		};
		7586FF0321ADC75F00936631 /* View */ = {
			isa = PBXGroup;
			children = (
				7586FF0421ADC76500936631 /* Cells */,
				7586FEF021A49B0B00936631 /* DonationChainsListView.swift */,
			);
			path = View;
			sourceTree = "<group>";
		};
		7586FF0421ADC76500936631 /* Cells */ = {
			isa = PBXGroup;
			children = (
				7586FF0521ADC78700936631 /* DonationChainTableViewCell.swift */,
				7586FF0721ADC7A800936631 /* DonationChainItemTableViewCell.swift */,
			);
			path = Cells;
			sourceTree = "<group>";
		};
/* End PBXGroup section */

/* Begin PBXNativeTarget section */
		7586FEB921A03DDC00936631 /* BlockchainDonation */ = {
			isa = PBXNativeTarget;
			buildConfigurationList = 7586FECC21A03DDE00936631 /* Build configuration list for PBXNativeTarget "BlockchainDonation" */;
			buildPhases = (
				7586FEB621A03DDC00936631 /* Sources */,
				7586FEB721A03DDC00936631 /* Frameworks */,
				7586FEB821A03DDC00936631 /* Resources */,
			);
			buildRules = (
			);
			dependencies = (
			);
			name = BlockchainDonation;
			productName = BlockchainDonation;
			productReference = 7586FEBA21A03DDC00936631 /* BlockchainDonation.app */;
			productType = "com.apple.product-type.application";
		};
/* End PBXNativeTarget section */

/* Begin PBXProject section */
		7586FEB221A03DDB00936631 /* Project object */ = {
			isa = PBXProject;
			attributes = {
				LastSwiftUpdateCheck = 1010;
				LastUpgradeCheck = 1010;
				ORGANIZATIONNAME = hse;
				TargetAttributes = {
					7586FEB921A03DDC00936631 = {
						CreatedOnToolsVersion = 10.1;
					};
				};
			};
			buildConfigurationList = 7586FEB521A03DDB00936631 /* Build configuration list for PBXProject "BlockchainDonation" */;
			compatibilityVersion = "Xcode 9.3";
			developmentRegion = en;
			hasScannedForEncodings = 0;
			knownRegions = (
				en,
				Base,
			);
			mainGroup = 7586FEB121A03DDB00936631;
			productRefGroup = 7586FEBB21A03DDC00936631 /* Products */;
			projectDirPath = "";
			projectRoot = "";
			targets = (
				7586FEB921A03DDC00936631 /* BlockchainDonation */,
			);
		};
/* End PBXProject section */

/* Begin PBXResourcesBuildPhase section */
		7586FEB821A03DDC00936631 /* Resources */ = {
			isa = PBXResourcesBuildPhase;
			buildActionMask = 2147483647;
			files = (
				7586FEC821A03DDE00936631 /* LaunchScreen.storyboard in Resources */,
				7586FEC521A03DDE00936631 /* Assets.xcassets in Resources */,
				7586FEFF21A9CECF00936631 /* DonationChainsList.storyboard in Resources */,
				7586FEC321A03DDC00936631 /* Main.storyboard in Resources */,
			);
			runOnlyForDeploymentPostprocessing = 0;
		};
/* End PBXResourcesBuildPhase section */

/* Begin PBXSourcesBuildPhase section */
		7586FEB621A03DDC00936631 /* Sources */ = {
			isa = PBXSourcesBuildPhase;
			buildActionMask = 2147483647;
			files = (
				7586FEE321A1CC4B00936631 /* RequestResponse.swift in Sources */,
				7586FEE521A48CA300936631 /* DonationChain.swift in Sources */,
				7586FEFD21A7344A00936631 /* DonationChainStorage.swift in Sources */,
				7586FEE121A1B37E00936631 /* DonationChainItem.swift in Sources */,
				7586FEDE21A1A78900936631 /* RegisterDonationOperation.swift in Sources */,
				7586FF0621ADC78700936631 /* DonationChainTableViewCell.swift in Sources */,
				7586FEC021A03DDC00936631 /* ViewController.swift in Sources */,
				7586FEF921A730A600936631 /* Builder.swift in Sources */,
				7586FEBE21A03DDC00936631 /* AppDelegate.swift in Sources */,
				7586FEEB21A49AF300936631 /* DonationChainsListInteractor.swift in Sources */,
				7586FEDA21A1779A00936631 /* AsyncOperation.swift in Sources */,
				7586FEF521A72F9F00936631 /* Router.swift in Sources */,
				7586FEF121A49B0B00936631 /* DonationChainsListView.swift in Sources */,
				7586FEEF21A49B0200936631 /* DonationChainsListRouter.swift in Sources */,
				7586FF0821ADC7A800936631 /* DonationChainItemTableViewCell.swift in Sources */,
				7586FF0221A9CFB700936631 /* Identifiable.swift in Sources */,
				7586FEDC21A17B5A00936631 /* GetDonationsChainOperation.swift in Sources */,
				7586FEF721A72FCC00936631 /* Interactor.swift in Sources */,
				7586FEE721A4983A00936631 /* Client.swift in Sources */,
				7586FEED21A49AFB00936631 /* DonationChainsListPresenter.swift in Sources */,
				7586FEE921A49AEA00936631 /* DonationChainsListBuilder.swift in Sources */,
				7586FED721A16C0100936631 /* ClientImpl.swift in Sources */,
			);
			runOnlyForDeploymentPostprocessing = 0;
		};
/* End PBXSourcesBuildPhase section */

/* Begin PBXVariantGroup section */
		7586FEC121A03DDC00936631 /* Main.storyboard */ = {
			isa = PBXVariantGroup;
			children = (
				7586FEC221A03DDC00936631 /* Base */,
			);
			name = Main.storyboard;
			sourceTree = "<group>";
		};
		7586FEC621A03DDE00936631 /* LaunchScreen.storyboard */ = {
			isa = PBXVariantGroup;
			children = (
				7586FEC721A03DDE00936631 /* Base */,
			);
			name = LaunchScreen.storyboard;
			sourceTree = "<group>";
		};
/* End PBXVariantGroup section */

/* Begin XCBuildConfiguration section */
		7586FECA21A03DDE00936631 /* Debug */ = {
			isa = XCBuildConfiguration;
			buildSettings = {
				ALWAYS_SEARCH_USER_PATHS = NO;
				CLANG_ANALYZER_NONNULL = YES;
				CLANG_ANALYZER_NUMBER_OBJECT_CONVERSION = YES_AGGRESSIVE;
				CLANG_CXX_LANGUAGE_STANDARD = "gnu++14";
				CLANG_CXX_LIBRARY = "libc++";
				CLANG_ENABLE_MODULES = YES;
				CLANG_ENABLE_OBJC_ARC = YES;
				CLANG_ENABLE_OBJC_WEAK = YES;
				CLANG_WARN_BLOCK_CAPTURE_AUTORELEASING = YES;
				CLANG_WARN_BOOL_CONVERSION = YES;
				CLANG_WARN_COMMA = YES;
				CLANG_WARN_CONSTANT_CONVERSION = YES;
				CLANG_WARN_DEPRECATED_OBJC_IMPLEMENTATIONS = YES;
				CLANG_WARN_DIRECT_OBJC_ISA_USAGE = YES_ERROR;
				CLANG_WARN_DOCUMENTATION_COMMENTS = YES;
				CLANG_WARN_EMPTY_BODY = YES;
				CLANG_WARN_ENUM_CONVERSION = YES;
				CLANG_WARN_INFINITE_RECURSION = YES;
				CLANG_WARN_INT_CONVERSION = YES;
				CLANG_WARN_NON_LITERAL_NULL_CONVERSION = YES;
				CLANG_WARN_OBJC_IMPLICIT_RETAIN_SELF = YES;
				CLANG_WARN_OBJC_LITERAL_CONVERSION = YES;
				CLANG_WARN_OBJC_ROOT_CLASS = YES_ERROR;
				CLANG_WARN_RANGE_LOOP_ANALYSIS = YES;
				CLANG_WARN_STRICT_PROTOTYPES = YES;
				CLANG_WARN_SUSPICIOUS_MOVE = YES;
				CLANG_WARN_UNGUARDED_AVAILABILITY = YES_AGGRESSIVE;
				CLANG_WARN_UNREACHABLE_CODE = YES;
				CLANG_WARN__DUPLICATE_METHOD_MATCH = YES;
				CODE_SIGN_IDENTITY = "iPhone Developer";
				COPY_PHASE_STRIP = NO;
				DEBUG_INFORMATION_FORMAT = dwarf;
				ENABLE_STRICT_OBJC_MSGSEND = YES;
				ENABLE_TESTABILITY = YES;
				GCC_C_LANGUAGE_STANDARD = gnu11;
				GCC_DYNAMIC_NO_PIC = NO;
				GCC_NO_COMMON_BLOCKS = YES;
				GCC_OPTIMIZATION_LEVEL = 0;
				GCC_PREPROCESSOR_DEFINITIONS = (
					"DEBUG=1",
					"$(inherited)",
				);
				GCC_WARN_64_TO_32_BIT_CONVERSION = YES;
				GCC_WARN_ABOUT_RETURN_TYPE = YES_ERROR;
				GCC_WARN_UNDECLARED_SELECTOR = YES;
				GCC_WARN_UNINITIALIZED_AUTOS = YES_AGGRESSIVE;
				GCC_WARN_UNUSED_FUNCTION = YES;
				GCC_WARN_UNUSED_VARIABLE = YES;
				IPHONEOS_DEPLOYMENT_TARGET = 12.1;
				MTL_ENABLE_DEBUG_INFO = INCLUDE_SOURCE;
				MTL_FAST_MATH = YES;
				ONLY_ACTIVE_ARCH = YES;
				SDKROOT = iphoneos;
				SWIFT_ACTIVE_COMPILATION_CONDITIONS = DEBUG;
				SWIFT_OPTIMIZATION_LEVEL = "-Onone";
			};
			name = Debug;
		};
		7586FECB21A03DDE00936631 /* Release */ = {
			isa = XCBuildConfiguration;
			buildSettings = {
				ALWAYS_SEARCH_USER_PATHS = NO;
				CLANG_ANALYZER_NONNULL = YES;
				CLANG_ANALYZER_NUMBER_OBJECT_CONVERSION = YES_AGGRESSIVE;
				CLANG_CXX_LANGUAGE_STANDARD = "gnu++14";
				CLANG_CXX_LIBRARY = "libc++";
				CLANG_ENABLE_MODULES = YES;
				CLANG_ENABLE_OBJC_ARC = YES;
				CLANG_ENABLE_OBJC_WEAK = YES;
				CLANG_WARN_BLOCK_CAPTURE_AUTORELEASING = YES;
				CLANG_WARN_BOOL_CONVERSION = YES;
				CLANG_WARN_COMMA = YES;
				CLANG_WARN_CONSTANT_CONVERSION = YES;
				CLANG_WARN_DEPRECATED_OBJC_IMPLEMENTATIONS = YES;
				CLANG_WARN_DIRECT_OBJC_ISA_USAGE = YES_ERROR;
				CLANG_WARN_DOCUMENTATION_COMMENTS = YES;
				CLANG_WARN_EMPTY_BODY = YES;
				CLANG_WARN_ENUM_CONVERSION = YES;
				CLANG_WARN_INFINITE_RECURSION = YES;
				CLANG_WARN_INT_CONVERSION = YES;
				CLANG_WARN_NON_LITERAL_NULL_CONVERSION = YES;
				CLANG_WARN_OBJC_IMPLICIT_RETAIN_SELF = YES;
				CLANG_WARN_OBJC_LITERAL_CONVERSION = YES;
				CLANG_WARN_OBJC_ROOT_CLASS = YES_ERROR;
				CLANG_WARN_RANGE_LOOP_ANALYSIS = YES;
				CLANG_WARN_STRICT_PROTOTYPES = YES;
				CLANG_WARN_SUSPICIOUS_MOVE = YES;
				CLANG_WARN_UNGUARDED_AVAILABILITY = YES_AGGRESSIVE;
				CLANG_WARN_UNREACHABLE_CODE = YES;
				CLANG_WARN__DUPLICATE_METHOD_MATCH = YES;
				CODE_SIGN_IDENTITY = "iPhone Developer";
				COPY_PHASE_STRIP = NO;
				DEBUG_INFORMATION_FORMAT = "dwarf-with-dsym";
				ENABLE_NS_ASSERTIONS = NO;
				ENABLE_STRICT_OBJC_MSGSEND = YES;
				GCC_C_LANGUAGE_STANDARD = gnu11;
				GCC_NO_COMMON_BLOCKS = YES;
				GCC_WARN_64_TO_32_BIT_CONVERSION = YES;
				GCC_WARN_ABOUT_RETURN_TYPE = YES_ERROR;
				GCC_WARN_UNDECLARED_SELECTOR = YES;
				GCC_WARN_UNINITIALIZED_AUTOS = YES_AGGRESSIVE;
				GCC_WARN_UNUSED_FUNCTION = YES;
				GCC_WARN_UNUSED_VARIABLE = YES;
				IPHONEOS_DEPLOYMENT_TARGET = 12.1;
				MTL_ENABLE_DEBUG_INFO = NO;
				MTL_FAST_MATH = YES;
				SDKROOT = iphoneos;
				SWIFT_COMPILATION_MODE = wholemodule;
				SWIFT_OPTIMIZATION_LEVEL = "-O";
				VALIDATE_PRODUCT = YES;
			};
			name = Release;
		};
		7586FECD21A03DDE00936631 /* Debug */ = {
			isa = XCBuildConfiguration;
			buildSettings = {
				ASSETCATALOG_COMPILER_APPICON_NAME = AppIcon;
				CODE_SIGN_STYLE = Automatic;
				DEVELOPMENT_TEAM = G9EJHD637F;
				INFOPLIST_FILE = "$(SRCROOT)/BlockchainDonation/Supporting files/Info.plist";
				LD_RUNPATH_SEARCH_PATHS = (
					"$(inherited)",
					"@executable_path/Frameworks",
				);
				PRODUCT_BUNDLE_IDENTIFIER = hse.BlockchainDonation;
				PRODUCT_NAME = "$(TARGET_NAME)";
				SWIFT_VERSION = 4.2;
				TARGETED_DEVICE_FAMILY = "1,2";
			};
			name = Debug;
		};
		7586FECE21A03DDE00936631 /* Release */ = {
			isa = XCBuildConfiguration;
			buildSettings = {
				ASSETCATALOG_COMPILER_APPICON_NAME = AppIcon;
				CODE_SIGN_STYLE = Automatic;
				DEVELOPMENT_TEAM = G9EJHD637F;
				INFOPLIST_FILE = "$(SRCROOT)/BlockchainDonation/Supporting files/Info.plist";
				LD_RUNPATH_SEARCH_PATHS = (
					"$(inherited)",
					"@executable_path/Frameworks",
				);
				PRODUCT_BUNDLE_IDENTIFIER = hse.BlockchainDonation;
				PRODUCT_NAME = "$(TARGET_NAME)";
				SWIFT_VERSION = 4.2;
				TARGETED_DEVICE_FAMILY = "1,2";
			};
			name = Release;
		};
/* End XCBuildConfiguration section */

/* Begin XCConfigurationList section */
		7586FEB521A03DDB00936631 /* Build configuration list for PBXProject "BlockchainDonation" */ = {
			isa = XCConfigurationList;
			buildConfigurations = (
				7586FECA21A03DDE00936631 /* Debug */,
				7586FECB21A03DDE00936631 /* Release */,
			);
			defaultConfigurationIsVisible = 0;
			defaultConfigurationName = Release;
		};
		7586FECC21A03DDE00936631 /* Build configuration list for PBXNativeTarget "BlockchainDonation" */ = {
			isa = XCConfigurationList;
			buildConfigurations = (
				7586FECD21A03DDE00936631 /* Debug */,
				7586FECE21A03DDE00936631 /* Release */,
			);
			defaultConfigurationIsVisible = 0;
			defaultConfigurationName = Release;
		};
/* End XCConfigurationList section */
	};
	rootObject = 7586FEB221A03DDB00936631 /* Project object */;
}
